
Microsoft Visual Studio Solution File, Format Version 12.00
# Visual Studio Version 16
VisualStudioVersion = 16.0.30128.74
MinimumVisualStudioVersion = 10.0.40219.1
Project("{9A19103F-16F7-4668-BE54-9A1E7A4F7556}") = "Entities", "Entities\Entities.csproj", "{84B31016-71BF-4E2F-85C5-779FF9385BAB}"
EndProject
Project("{9A19103F-16F7-4668-BE54-9A1E7A4F7556}") = "DataAccess", "DataAccess\DataAccess.csproj", "{C45FEBD4-D398-4E34-8A36-6B0E6DAC1F1F}"
EndProject
Project("{9A19103F-16F7-4668-BE54-9A1E7A4F7556}") = "Business", "Business\Business.csproj", "{A5748B1C-FD15-4202-AD37-C8CB0F7D00E5}"
EndProject
Project("{9A19103F-16F7-4668-BE54-9A1E7A4F7556}") = "ConsoleUI", "ConsoleUI\ConsoleUI.csproj", "{C36B793F-E97C-46E9-A411-0B16C6F72E63}"
EndProject
Project("{9A19103F-16F7-4668-BE54-9A1E7A4F7556}") = "Core", "Core\Core.csproj", "{9D72E6AD-5B56-47D1-A885-1AF531CE3570}"
EndProject
Project("{FAE04EC0-301F-11D3-BF4B-00C04F79EFBC}") = "WebAPI", "WebAPI\WebAPI.csproj", "{7347A761-F166-4E5D-8CAA-DBC0D2E73893}"
EndProject
Global
	GlobalSection(SolutionConfigurationPlatforms) = preSolution
		Debug|Any CPU = Debug|Any CPU
		Release|Any CPU = Release|Any CPU
	EndGlobalSection
	GlobalSection(ProjectConfigurationPlatforms) = postSolution
		{84B31016-71BF-4E2F-85C5-779FF9385BAB}.Debug|Any CPU.ActiveCfg = Debug|Any CPU
		{84B31016-71BF-4E2F-85C5-779FF9385BAB}.Debug|Any CPU.Build.0 = Debug|Any CPU
		{84B31016-71BF-4E2F-85C5-779FF9385BAB}.Release|Any CPU.ActiveCfg = Release|Any CPU
		{84B31016-71BF-4E2F-85C5-779FF9385BAB}.Release|Any CPU.Build.0 = Release|Any CPU
		{C45FEBD4-D398-4E34-8A36-6B0E6DAC1F1F}.Debug|Any CPU.ActiveCfg = Debug|Any CPU
		{C45FEBD4-D398-4E34-8A36-6B0E6DAC1F1F}.Debug|Any CPU.Build.0 = Debug|Any CPU
		{C45FEBD4-D398-4E34-8A36-6B0E6DAC1F1F}.Release|Any CPU.ActiveCfg = Release|Any CPU
		{C45FEBD4-D398-4E34-8A36-6B0E6DAC1F1F}.Release|Any CPU.Build.0 = Release|Any CPU
		{A5748B1C-FD15-4202-AD37-C8CB0F7D00E5}.Debug|Any CPU.ActiveCfg = Debug|Any CPU
		{A5748B1C-FD15-4202-AD37-C8CB0F7D00E5}.Debug|Any CPU.Build.0 = Debug|Any CPU
		{A5748B1C-FD15-4202-AD37-C8CB0F7D00E5}.Release|Any CPU.ActiveCfg = Release|Any CPU
		{A5748B1C-FD15-4202-AD37-C8CB0F7D00E5}.Release|Any CPU.Build.0 = Release|Any CPU
		{C36B793F-E97C-46E9-A411-0B16C6F72E63}.Debug|Any CPU.ActiveCfg = Debug|Any CPU
		{C36B793F-E97C-46E9-A411-0B16C6F72E63}.Debug|Any CPU.Build.0 = Debug|Any CPU
		{C36B793F-E97C-46E9-A411-0B16C6F72E63}.Release|Any CPU.ActiveCfg = Release|Any CPU
		{C36B793F-E97C-46E9-A411-0B16C6F72E63}.Release|Any CPU.Build.0 = Release|Any CPU
		{9D72E6AD-5B56-47D1-A885-1AF531CE3570}.Debug|Any CPU.ActiveCfg = Debug|Any CPU
		{9D72E6AD-5B56-47D1-A885-1AF531CE3570}.Debug|Any CPU.Build.0 = Debug|Any CPU
		{9D72E6AD-5B56-47D1-A885-1AF531CE3570}.Release|Any CPU.ActiveCfg = Release|Any CPU
		{9D72E6AD-5B56-47D1-A885-1AF531CE3570}.Release|Any CPU.Build.0 = Release|Any CPU
		{7347A761-F166-4E5D-8CAA-DBC0D2E73893}.Debug|Any CPU.ActiveCfg = Debug|Any CPU
		{7347A761-F166-4E5D-8CAA-DBC0D2E73893}.Debug|Any CPU.Build.0 = Debug|Any CPU
		{7347A761-F166-4E5D-8CAA-DBC0D2E73893}.Release|Any CPU.ActiveCfg = Release|Any CPU
		{7347A761-F166-4E5D-8CAA-DBC0D2E73893}.Release|Any CPU.Build.0 = Release|Any CPU
	EndGlobalSection
	GlobalSection(SolutionProperties) = preSolution
		HideSolutionNode = FALSE
	EndGlobalSection
	GlobalSection(ExtensibilityGlobals) = postSolution
		SolutionGuid = {C1B91609-6857-443E-B804-D0BBF141F42E}
	EndGlobalSection
EndGlobal
